{
  "object": {
    "pins": [
      {
        "package": "Core",
        "repositoryURL": "https://github.com/fummicc1-sample/AdventCalendar-2021-App/",
        "state": {
          "branch": "main",
          "revision": "2b0e9e0da4b84265a7e065f42211a99df6cf4bec",
          "version": null
        }
      }
    ]
  },
  "version": 1
}
