{
  "object": {
    "pins": [
      {
        "package": "Core",
        "repositoryURL": "https://github.com/fummicc1-sample/AdventCalendar-2021-App/",
        "state": {
          "branch": "main",
          "revision": "355cbac96f058c92078b41c411cd22b2703e7c60",
          "version": null
        }
      }
    ]
  },
  "version": 1
}
