{
  "object": {
    "pins": [
      {
        "package": "Core",
        "repositoryURL": "https://github.com/fummicc1-sample/AdventCalendar-2021-App/",
        "state": {
          "branch": "main",
          "revision": "3d5817601166fb8b8378d9f127f5e564c77d9a0d",
          "version": null
        }
      }
    ]
  },
  "version": 1
}
