// !$*UTF8*$!
{
	archiveVersion = 1;
	classes = {
	};
	objectVersion = 55;
	objects = {

/* Begin PBXBuildFile section */
		D328AF3627747EFA00FE132F /* AddEventViewModel.swift in Sources */ = {isa = PBXBuildFile; fileRef = D328AF3527747EFA00FE132F /* AddEventViewModel.swift */; };
		D328AF382774914E00FE132F /* EventDetailView.swift in Sources */ = {isa = PBXBuildFile; fileRef = D328AF372774914E00FE132F /* EventDetailView.swift */; };
		D328AF3A2774917900FE132F /* EventDetailViewModel.swift in Sources */ = {isa = PBXBuildFile; fileRef = D328AF392774917900FE132F /* EventDetailViewModel.swift */; };
		D328AF3C2774990C00FE132F /* EventListView.swift in Sources */ = {isa = PBXBuildFile; fileRef = D328AF3B2774990C00FE132F /* EventListView.swift */; };
		D3326A1D27742A290088558C /* App.swift in Sources */ = {isa = PBXBuildFile; fileRef = D3326A1C27742A290088558C /* App.swift */; };
		D3326A2127742A2A0088558C /* Assets.xcassets in Resources */ = {isa = PBXBuildFile; fileRef = D3326A2027742A2A0088558C /* Assets.xcassets */; };
		D3326A2427742A2A0088558C /* Preview Assets.xcassets in Resources */ = {isa = PBXBuildFile; fileRef = D3326A2327742A2A0088558C /* Preview Assets.xcassets */; };
		D3A0257B2774318B004D6704 /* RootView.swift in Sources */ = {isa = PBXBuildFile; fileRef = D3326A2B27742A530088558C /* RootView.swift */; };
		D3A0257C2774318B004D6704 /* AddEventView.swift in Sources */ = {isa = PBXBuildFile; fileRef = D3326A2D27742A530088558C /* AddEventView.swift */; };
		D3A0257D2774318B004D6704 /* CalendarView.swift in Sources */ = {isa = PBXBuildFile; fileRef = D3326A2E27742A530088558C /* CalendarView.swift */; };
		D3A0257E2774318B004D6704 /* SelectMemberView.swift in Sources */ = {isa = PBXBuildFile; fileRef = D3326A3027742A530088558C /* SelectMemberView.swift */; };
		D3A0257F2774318B004D6704 /* TeamsView.swift in Sources */ = {isa = PBXBuildFile; fileRef = D3326A3227742A530088558C /* TeamsView.swift */; };
		D3A025802774318B004D6704 /* TeamDetailView.swift in Sources */ = {isa = PBXBuildFile; fileRef = D3326A3327742A530088558C /* TeamDetailView.swift */; };
		D3A025812774318B004D6704 /* MemberView.swift in Sources */ = {isa = PBXBuildFile; fileRef = D3326A3427742A530088558C /* MemberView.swift */; };
		D3A025822774318B004D6704 /* RootModel.swift in Sources */ = {isa = PBXBuildFile; fileRef = D3326A3527742A530088558C /* RootModel.swift */; };
		D3A0258427743198004D6704 /* Core in Frameworks */ = {isa = PBXBuildFile; productRef = D3A0258327743198004D6704 /* Core */; };
		D3A02587277434AE004D6704 /* ProfileView.swift in Sources */ = {isa = PBXBuildFile; fileRef = D3A02586277434AE004D6704 /* ProfileView.swift */; };
		D3A0258A27743517004D6704 /* ListItemView.swift in Sources */ = {isa = PBXBuildFile; fileRef = D3A0258927743517004D6704 /* ListItemView.swift */; };
/* End PBXBuildFile section */

/* Begin PBXFileReference section */
		D328AF3527747EFA00FE132F /* AddEventViewModel.swift */ = {isa = PBXFileReference; lastKnownFileType = sourcecode.swift; path = AddEventViewModel.swift; sourceTree = "<group>"; };
		D328AF372774914E00FE132F /* EventDetailView.swift */ = {isa = PBXFileReference; lastKnownFileType = sourcecode.swift; path = EventDetailView.swift; sourceTree = "<group>"; };
		D328AF392774917900FE132F /* EventDetailViewModel.swift */ = {isa = PBXFileReference; lastKnownFileType = sourcecode.swift; path = EventDetailViewModel.swift; sourceTree = "<group>"; };
		D328AF3B2774990C00FE132F /* EventListView.swift */ = {isa = PBXFileReference; lastKnownFileType = sourcecode.swift; path = EventListView.swift; sourceTree = "<group>"; };
		D3326A1927742A290088558C /* App.app */ = {isa = PBXFileReference; explicitFileType = wrapper.application; includeInIndex = 0; path = App.app; sourceTree = BUILT_PRODUCTS_DIR; };
		D3326A1C27742A290088558C /* App.swift */ = {isa = PBXFileReference; lastKnownFileType = sourcecode.swift; path = App.swift; sourceTree = "<group>"; };
		D3326A2027742A2A0088558C /* Assets.xcassets */ = {isa = PBXFileReference; lastKnownFileType = folder.assetcatalog; path = Assets.xcassets; sourceTree = "<group>"; };
		D3326A2327742A2A0088558C /* Preview Assets.xcassets */ = {isa = PBXFileReference; lastKnownFileType = folder.assetcatalog; path = "Preview Assets.xcassets"; sourceTree = "<group>"; };
		D3326A2B27742A530088558C /* RootView.swift */ = {isa = PBXFileReference; lastKnownFileType = sourcecode.swift; path = RootView.swift; sourceTree = "<group>"; };
		D3326A2D27742A530088558C /* AddEventView.swift */ = {isa = PBXFileReference; lastKnownFileType = sourcecode.swift; path = AddEventView.swift; sourceTree = "<group>"; };
		D3326A2E27742A530088558C /* CalendarView.swift */ = {isa = PBXFileReference; lastKnownFileType = sourcecode.swift; path = CalendarView.swift; sourceTree = "<group>"; };
		D3326A3027742A530088558C /* SelectMemberView.swift */ = {isa = PBXFileReference; lastKnownFileType = sourcecode.swift; path = SelectMemberView.swift; sourceTree = "<group>"; };
		D3326A3227742A530088558C /* TeamsView.swift */ = {isa = PBXFileReference; lastKnownFileType = sourcecode.swift; path = TeamsView.swift; sourceTree = "<group>"; };
		D3326A3327742A530088558C /* TeamDetailView.swift */ = {isa = PBXFileReference; lastKnownFileType = sourcecode.swift; path = TeamDetailView.swift; sourceTree = "<group>"; };
		D3326A3427742A530088558C /* MemberView.swift */ = {isa = PBXFileReference; lastKnownFileType = sourcecode.swift; path = MemberView.swift; sourceTree = "<group>"; };
		D3326A3527742A530088558C /* RootModel.swift */ = {isa = PBXFileReference; lastKnownFileType = sourcecode.swift; path = RootModel.swift; sourceTree = "<group>"; };
		D3326A3827742B570088558C /* Info.plist */ = {isa = PBXFileReference; lastKnownFileType = text.plist; path = Info.plist; sourceTree = "<group>"; };
		D3A02586277434AE004D6704 /* ProfileView.swift */ = {isa = PBXFileReference; lastKnownFileType = sourcecode.swift; path = ProfileView.swift; sourceTree = "<group>"; };
		D3A0258927743517004D6704 /* ListItemView.swift */ = {isa = PBXFileReference; lastKnownFileType = sourcecode.swift; path = ListItemView.swift; sourceTree = "<group>"; };
/* End PBXFileReference section */

/* Begin PBXFrameworksBuildPhase section */
		D3326A1627742A290088558C /* Frameworks */ = {
			isa = PBXFrameworksBuildPhase;
			buildActionMask = 2147483647;
			files = (
				D3A0258427743198004D6704 /* Core in Frameworks */,
			);
			runOnlyForDeploymentPostprocessing = 0;
		};
/* End PBXFrameworksBuildPhase section */

/* Begin PBXGroup section */
		D3326A1027742A290088558C = {
			isa = PBXGroup;
			children = (
				D3326A1B27742A290088558C /* App */,
				D3326A1A27742A290088558C /* Products */,
				D3326A3627742B4F0088558C /* Frameworks */,
			);
			sourceTree = "<group>";
		};
		D3326A1A27742A290088558C /* Products */ = {
			isa = PBXGroup;
			children = (
				D3326A1927742A290088558C /* App.app */,
			);
			name = Products;
			sourceTree = "<group>";
		};
		D3326A1B27742A290088558C /* App */ = {
			isa = PBXGroup;
			children = (
				D3326A3827742B570088558C /* Info.plist */,
				D3326A2A27742A530088558C /* Views */,
				D3326A1C27742A290088558C /* App.swift */,
				D3326A2027742A2A0088558C /* Assets.xcassets */,
				D3326A2227742A2A0088558C /* Preview Content */,
			);
			path = App;
			sourceTree = "<group>";
		};
		D3326A2227742A2A0088558C /* Preview Content */ = {
			isa = PBXGroup;
			children = (
				D3326A2327742A2A0088558C /* Preview Assets.xcassets */,
			);
			path = "Preview Content";
			sourceTree = "<group>";
		};
		D3326A2A27742A530088558C /* Views */ = {
			isa = PBXGroup;
			children = (
				D3326A3527742A530088558C /* RootModel.swift */,
				D3326A2B27742A530088558C /* RootView.swift */,
				D3A025882774350C004D6704 /* Components */,
				D3A02585277434A3004D6704 /* Profile */,
				D3326A2C27742A530088558C /* Schedules */,
				D3326A2F27742A530088558C /* SelectMember */,
				D3326A3127742A530088558C /* Teams */,
			);
			path = Views;
			sourceTree = "<group>";
		};
		D3326A2C27742A530088558C /* Schedules */ = {
			isa = PBXGroup;
			children = (
				D3326A2D27742A530088558C /* AddEventView.swift */,
				D328AF3527747EFA00FE132F /* AddEventViewModel.swift */,
				D3326A2E27742A530088558C /* CalendarView.swift */,
				D328AF372774914E00FE132F /* EventDetailView.swift */,
				D328AF392774917900FE132F /* EventDetailViewModel.swift */,
			);
			path = Schedules;
			sourceTree = "<group>";
		};
		D3326A2F27742A530088558C /* SelectMember */ = {
			isa = PBXGroup;
			children = (
				D3326A3027742A530088558C /* SelectMemberView.swift */,
			);
			path = SelectMember;
			sourceTree = "<group>";
		};
		D3326A3127742A530088558C /* Teams */ = {
			isa = PBXGroup;
			children = (
				D3326A3227742A530088558C /* TeamsView.swift */,
				D3326A3327742A530088558C /* TeamDetailView.swift */,
				D3326A3427742A530088558C /* MemberView.swift */,
			);
			path = Teams;
			sourceTree = "<group>";
		};
		D3326A3627742B4F0088558C /* Frameworks */ = {
			isa = PBXGroup;
			children = (
			);
			name = Frameworks;
			sourceTree = "<group>";
		};
		D3A02585277434A3004D6704 /* Profile */ = {
			isa = PBXGroup;
			children = (
				D3A02586277434AE004D6704 /* ProfileView.swift */,
			);
			path = Profile;
			sourceTree = "<group>";
		};
		D3A025882774350C004D6704 /* Components */ = {
			isa = PBXGroup;
			children = (
				D3A0258927743517004D6704 /* ListItemView.swift */,
				D328AF3B2774990C00FE132F /* EventListView.swift */,
			);
			path = Components;
			sourceTree = "<group>";
		};
/* End PBXGroup section */

/* Begin PBXNativeTarget section */
		D3326A1827742A290088558C /* App */ = {
			isa = PBXNativeTarget;
			buildConfigurationList = D3326A2727742A2A0088558C /* Build configuration list for PBXNativeTarget "App" */;
			buildPhases = (
				D3326A1527742A290088558C /* Sources */,
				D3326A1627742A290088558C /* Frameworks */,
				D3326A1727742A290088558C /* Resources */,
			);
			buildRules = (
			);
			dependencies = (
			);
			name = App;
			packageProductDependencies = (
				D3A0258327743198004D6704 /* Core */,
			);
			productName = ExampleApp;
			productReference = D3326A1927742A290088558C /* App.app */;
			productType = "com.apple.product-type.application";
		};
/* End PBXNativeTarget section */

/* Begin PBXProject section */
		D3326A1127742A290088558C /* Project object */ = {
			isa = PBXProject;
			attributes = {
				BuildIndependentTargetsInParallel = 1;
				LastSwiftUpdateCheck = 1310;
				LastUpgradeCheck = 1310;
				TargetAttributes = {
					D3326A1827742A290088558C = {
						CreatedOnToolsVersion = 13.1;
					};
				};
			};
			buildConfigurationList = D3326A1427742A290088558C /* Build configuration list for PBXProject "App" */;
			compatibilityVersion = "Xcode 13.0";
			developmentRegion = en;
			hasScannedForEncodings = 0;
			knownRegions = (
				en,
				Base,
			);
			mainGroup = D3326A1027742A290088558C;
			packageReferences = (
				D3A02578277430BA004D6704 /* XCRemoteSwiftPackageReference "AdventCalendar-2021-App" */,
			);
			productRefGroup = D3326A1A27742A290088558C /* Products */;
			projectDirPath = "";
			projectRoot = "";
			targets = (
				D3326A1827742A290088558C /* App */,
			);
		};
/* End PBXProject section */

/* Begin PBXResourcesBuildPhase section */
		D3326A1727742A290088558C /* Resources */ = {
			isa = PBXResourcesBuildPhase;
			buildActionMask = 2147483647;
			files = (
				D3326A2427742A2A0088558C /* Preview Assets.xcassets in Resources */,
				D3326A2127742A2A0088558C /* Assets.xcassets in Resources */,
			);
			runOnlyForDeploymentPostprocessing = 0;
		};
/* End PBXResourcesBuildPhase section */

/* Begin PBXSourcesBuildPhase section */
		D3326A1527742A290088558C /* Sources */ = {
			isa = PBXSourcesBuildPhase;
			buildActionMask = 2147483647;
			files = (
				D3A0257B2774318B004D6704 /* RootView.swift in Sources */,
				D3A0257C2774318B004D6704 /* AddEventView.swift in Sources */,
				D3A0257D2774318B004D6704 /* CalendarView.swift in Sources */,
				D328AF3627747EFA00FE132F /* AddEventViewModel.swift in Sources */,
				D3A0258A27743517004D6704 /* ListItemView.swift in Sources */,
				D3A0257E2774318B004D6704 /* SelectMemberView.swift in Sources */,
				D328AF382774914E00FE132F /* EventDetailView.swift in Sources */,
				D3A0257F2774318B004D6704 /* TeamsView.swift in Sources */,
				D3A025802774318B004D6704 /* TeamDetailView.swift in Sources */,
				D3A025812774318B004D6704 /* MemberView.swift in Sources */,
				D328AF3C2774990C00FE132F /* EventListView.swift in Sources */,
				D3A025822774318B004D6704 /* RootModel.swift in Sources */,
				D3A02587277434AE004D6704 /* ProfileView.swift in Sources */,
				D3326A1D27742A290088558C /* App.swift in Sources */,
				D328AF3A2774917900FE132F /* EventDetailViewModel.swift in Sources */,
			);
			runOnlyForDeploymentPostprocessing = 0;
		};
/* End PBXSourcesBuildPhase section */

/* Begin XCBuildConfiguration section */
		D3326A2527742A2A0088558C /* Debug */ = {
			isa = XCBuildConfiguration;
			buildSettings = {
				ALWAYS_SEARCH_USER_PATHS = NO;
				CLANG_ANALYZER_NONNULL = YES;
				CLANG_ANALYZER_NUMBER_OBJECT_CONVERSION = YES_AGGRESSIVE;
				CLANG_CXX_LANGUAGE_STANDARD = "gnu++17";
				CLANG_CXX_LIBRARY = "libc++";
				CLANG_ENABLE_MODULES = YES;
				CLANG_ENABLE_OBJC_ARC = YES;
				CLANG_ENABLE_OBJC_WEAK = YES;
				CLANG_WARN_BLOCK_CAPTURE_AUTORELEASING = YES;
				CLANG_WARN_BOOL_CONVERSION = YES;
				CLANG_WARN_COMMA = YES;
				CLANG_WARN_CONSTANT_CONVERSION = YES;
				CLANG_WARN_DEPRECATED_OBJC_IMPLEMENTATIONS = YES;
				CLANG_WARN_DIRECT_OBJC_ISA_USAGE = YES_ERROR;
				CLANG_WARN_DOCUMENTATION_COMMENTS = YES;
				CLANG_WARN_EMPTY_BODY = YES;
				CLANG_WARN_ENUM_CONVERSION = YES;
				CLANG_WARN_INFINITE_RECURSION = YES;
				CLANG_WARN_INT_CONVERSION = YES;
				CLANG_WARN_NON_LITERAL_NULL_CONVERSION = YES;
				CLANG_WARN_OBJC_IMPLICIT_RETAIN_SELF = YES;
				CLANG_WARN_OBJC_LITERAL_CONVERSION = YES;
				CLANG_WARN_OBJC_ROOT_CLASS = YES_ERROR;
				CLANG_WARN_QUOTED_INCLUDE_IN_FRAMEWORK_HEADER = YES;
				CLANG_WARN_RANGE_LOOP_ANALYSIS = YES;
				CLANG_WARN_STRICT_PROTOTYPES = YES;
				CLANG_WARN_SUSPICIOUS_MOVE = YES;
				CLANG_WARN_UNGUARDED_AVAILABILITY = YES_AGGRESSIVE;
				CLANG_WARN_UNREACHABLE_CODE = YES;
				CLANG_WARN__DUPLICATE_METHOD_MATCH = YES;
				COPY_PHASE_STRIP = NO;
				DEBUG_INFORMATION_FORMAT = dwarf;
				ENABLE_STRICT_OBJC_MSGSEND = YES;
				ENABLE_TESTABILITY = YES;
				GCC_C_LANGUAGE_STANDARD = gnu11;
				GCC_DYNAMIC_NO_PIC = NO;
				GCC_NO_COMMON_BLOCKS = YES;
				GCC_OPTIMIZATION_LEVEL = 0;
				GCC_PREPROCESSOR_DEFINITIONS = (
					"DEBUG=1",
					"$(inherited)",
				);
				GCC_WARN_64_TO_32_BIT_CONVERSION = YES;
				GCC_WARN_ABOUT_RETURN_TYPE = YES_ERROR;
				GCC_WARN_UNDECLARED_SELECTOR = YES;
				GCC_WARN_UNINITIALIZED_AUTOS = YES_AGGRESSIVE;
				GCC_WARN_UNUSED_FUNCTION = YES;
				GCC_WARN_UNUSED_VARIABLE = YES;
				IPHONEOS_DEPLOYMENT_TARGET = 15.0;
				MTL_ENABLE_DEBUG_INFO = INCLUDE_SOURCE;
				MTL_FAST_MATH = YES;
				ONLY_ACTIVE_ARCH = YES;
				SDKROOT = iphoneos;
				SWIFT_ACTIVE_COMPILATION_CONDITIONS = DEBUG;
				SWIFT_OPTIMIZATION_LEVEL = "-Onone";
			};
			name = Debug;
		};
		D3326A2627742A2A0088558C /* Release */ = {
			isa = XCBuildConfiguration;
			buildSettings = {
				ALWAYS_SEARCH_USER_PATHS = NO;
				CLANG_ANALYZER_NONNULL = YES;
				CLANG_ANALYZER_NUMBER_OBJECT_CONVERSION = YES_AGGRESSIVE;
				CLANG_CXX_LANGUAGE_STANDARD = "gnu++17";
				CLANG_CXX_LIBRARY = "libc++";
				CLANG_ENABLE_MODULES = YES;
				CLANG_ENABLE_OBJC_ARC = YES;
				CLANG_ENABLE_OBJC_WEAK = YES;
				CLANG_WARN_BLOCK_CAPTURE_AUTORELEASING = YES;
				CLANG_WARN_BOOL_CONVERSION = YES;
				CLANG_WARN_COMMA = YES;
				CLANG_WARN_CONSTANT_CONVERSION = YES;
				CLANG_WARN_DEPRECATED_OBJC_IMPLEMENTATIONS = YES;
				CLANG_WARN_DIRECT_OBJC_ISA_USAGE = YES_ERROR;
				CLANG_WARN_DOCUMENTATION_COMMENTS = YES;
				CLANG_WARN_EMPTY_BODY = YES;
				CLANG_WARN_ENUM_CONVERSION = YES;
				CLANG_WARN_INFINITE_RECURSION = YES;
				CLANG_WARN_INT_CONVERSION = YES;
				CLANG_WARN_NON_LITERAL_NULL_CONVERSION = YES;
				CLANG_WARN_OBJC_IMPLICIT_RETAIN_SELF = YES;
				CLANG_WARN_OBJC_LITERAL_CONVERSION = YES;
				CLANG_WARN_OBJC_ROOT_CLASS = YES_ERROR;
				CLANG_WARN_QUOTED_INCLUDE_IN_FRAMEWORK_HEADER = YES;
				CLANG_WARN_RANGE_LOOP_ANALYSIS = YES;
				CLANG_WARN_STRICT_PROTOTYPES = YES;
				CLANG_WARN_SUSPICIOUS_MOVE = YES;
				CLANG_WARN_UNGUARDED_AVAILABILITY = YES_AGGRESSIVE;
				CLANG_WARN_UNREACHABLE_CODE = YES;
				CLANG_WARN__DUPLICATE_METHOD_MATCH = YES;
				COPY_PHASE_STRIP = NO;
				DEBUG_INFORMATION_FORMAT = "dwarf-with-dsym";
				ENABLE_NS_ASSERTIONS = NO;
				ENABLE_STRICT_OBJC_MSGSEND = YES;
				GCC_C_LANGUAGE_STANDARD = gnu11;
				GCC_NO_COMMON_BLOCKS = YES;
				GCC_WARN_64_TO_32_BIT_CONVERSION = YES;
				GCC_WARN_ABOUT_RETURN_TYPE = YES_ERROR;
				GCC_WARN_UNDECLARED_SELECTOR = YES;
				GCC_WARN_UNINITIALIZED_AUTOS = YES_AGGRESSIVE;
				GCC_WARN_UNUSED_FUNCTION = YES;
				GCC_WARN_UNUSED_VARIABLE = YES;
				IPHONEOS_DEPLOYMENT_TARGET = 15.0;
				MTL_ENABLE_DEBUG_INFO = NO;
				MTL_FAST_MATH = YES;
				SDKROOT = iphoneos;
				SWIFT_COMPILATION_MODE = wholemodule;
				SWIFT_OPTIMIZATION_LEVEL = "-O";
				VALIDATE_PRODUCT = YES;
			};
			name = Release;
		};
		D3326A2827742A2A0088558C /* Debug */ = {
			isa = XCBuildConfiguration;
			buildSettings = {
				ASSETCATALOG_COMPILER_APPICON_NAME = AppIcon;
				ASSETCATALOG_COMPILER_GLOBAL_ACCENT_COLOR_NAME = AccentColor;
				CODE_SIGN_STYLE = Automatic;
				CURRENT_PROJECT_VERSION = 1;
				DEVELOPMENT_ASSET_PATHS = "\"App/Preview Content\"";
				DEVELOPMENT_TEAM = 2X6AD4W323;
				ENABLE_PREVIEWS = YES;
				GENERATE_INFOPLIST_FILE = YES;
				INFOPLIST_FILE = App/Info.plist;
				INFOPLIST_KEY_UIApplicationSceneManifest_Generation = YES;
				INFOPLIST_KEY_UIApplicationSupportsIndirectInputEvents = YES;
				INFOPLIST_KEY_UILaunchScreen_Generation = YES;
				INFOPLIST_KEY_UISupportedInterfaceOrientations_iPad = "UIInterfaceOrientationPortrait UIInterfaceOrientationPortraitUpsideDown UIInterfaceOrientationLandscapeLeft UIInterfaceOrientationLandscapeRight";
				INFOPLIST_KEY_UISupportedInterfaceOrientations_iPhone = "UIInterfaceOrientationPortrait UIInterfaceOrientationLandscapeLeft UIInterfaceOrientationLandscapeRight";
				LD_RUNPATH_SEARCH_PATHS = (
					"$(inherited)",
					"@executable_path/Frameworks",
				);
				MARKETING_VERSION = 1.0;
				PRODUCT_BUNDLE_IDENTIFIER = "jp.kcs1959.app-ios";
				PRODUCT_NAME = "$(TARGET_NAME)";
				SWIFT_EMIT_LOC_STRINGS = YES;
				SWIFT_VERSION = 5.0;
				TARGETED_DEVICE_FAMILY = "1,2";
			};
			name = Debug;
		};
		D3326A2927742A2A0088558C /* Release */ = {
			isa = XCBuildConfiguration;
			buildSettings = {
				ASSETCATALOG_COMPILER_APPICON_NAME = AppIcon;
				ASSETCATALOG_COMPILER_GLOBAL_ACCENT_COLOR_NAME = AccentColor;
				CODE_SIGN_STYLE = Automatic;
				CURRENT_PROJECT_VERSION = 1;
				DEVELOPMENT_ASSET_PATHS = "\"App/Preview Content\"";
				DEVELOPMENT_TEAM = 2X6AD4W323;
				ENABLE_PREVIEWS = YES;
				GENERATE_INFOPLIST_FILE = YES;
				INFOPLIST_FILE = App/Info.plist;
				INFOPLIST_KEY_UIApplicationSceneManifest_Generation = YES;
				INFOPLIST_KEY_UIApplicationSupportsIndirectInputEvents = YES;
				INFOPLIST_KEY_UILaunchScreen_Generation = YES;
				INFOPLIST_KEY_UISupportedInterfaceOrientations_iPad = "UIInterfaceOrientationPortrait UIInterfaceOrientationPortraitUpsideDown UIInterfaceOrientationLandscapeLeft UIInterfaceOrientationLandscapeRight";
				INFOPLIST_KEY_UISupportedInterfaceOrientations_iPhone = "UIInterfaceOrientationPortrait UIInterfaceOrientationLandscapeLeft UIInterfaceOrientationLandscapeRight";
				LD_RUNPATH_SEARCH_PATHS = (
					"$(inherited)",
					"@executable_path/Frameworks",
				);
				MARKETING_VERSION = 1.0;
				PRODUCT_BUNDLE_IDENTIFIER = "jp.kcs1959.app-ios";
				PRODUCT_NAME = "$(TARGET_NAME)";
				SWIFT_EMIT_LOC_STRINGS = YES;
				SWIFT_VERSION = 5.0;
				TARGETED_DEVICE_FAMILY = "1,2";
			};
			name = Release;
		};
/* End XCBuildConfiguration section */

/* Begin XCConfigurationList section */
		D3326A1427742A290088558C /* Build configuration list for PBXProject "App" */ = {
			isa = XCConfigurationList;
			buildConfigurations = (
				D3326A2527742A2A0088558C /* Debug */,
				D3326A2627742A2A0088558C /* Release */,
			);
			defaultConfigurationIsVisible = 0;
			defaultConfigurationName = Release;
		};
		D3326A2727742A2A0088558C /* Build configuration list for PBXNativeTarget "App" */ = {
			isa = XCConfigurationList;
			buildConfigurations = (
				D3326A2827742A2A0088558C /* Debug */,
				D3326A2927742A2A0088558C /* Release */,
			);
			defaultConfigurationIsVisible = 0;
			defaultConfigurationName = Release;
		};
/* End XCConfigurationList section */

/* Begin XCRemoteSwiftPackageReference section */
		D3A02578277430BA004D6704 /* XCRemoteSwiftPackageReference "AdventCalendar-2021-App" */ = {
			isa = XCRemoteSwiftPackageReference;
			repositoryURL = "https://github.com/fummicc1-sample/AdventCalendar-2021-App/";
			requirement = {
				branch = main;
				kind = branch;
			};
		};
/* End XCRemoteSwiftPackageReference section */

/* Begin XCSwiftPackageProductDependency section */
		D3A0258327743198004D6704 /* Core */ = {
			isa = XCSwiftPackageProductDependency;
			package = D3A02578277430BA004D6704 /* XCRemoteSwiftPackageReference "AdventCalendar-2021-App" */;
			productName = Core;
		};
/* End XCSwiftPackageProductDependency section */
	};
	rootObject = D3326A1127742A290088558C /* Project object */;
}
